
Microsoft Visual Studio Solution File, Format Version 12.00
# Visual Studio 15
VisualStudioVersion = 15.0.27703.2035
MinimumVisualStudioVersion = 10.0.40219.1
Project("{FAE04EC0-301F-11D3-BF4B-00C04F79EFBC}") = "Art Gallery 3 (Git) Master", "Art Gallery 3 (Git) Master\Art Gallery 3 (Git) Master.csproj", "{6278A118-2037-42B7-8014-E9909ED38BEA}"
EndProject
Project("{FAE04EC0-301F-11D3-BF4B-00C04F79EFBC}") = "Gallery3SelfHost", "Gallery3SelfHost\Gallery3SelfHost.csproj", "{1261450D-5342-4602-B74D-238CD65748BF}"
EndProject
Project("{FAE04EC0-301F-11D3-BF4B-00C04F79EFBC}") = "Gallery3WinForm", "Gallery3WinForm\Gallery3WinForm.csproj", "{4D3C1333-A420-4CFA-89A2-5E163F7DFF0A}"
EndProject
Project("{F184B08F-C81C-45F6-A57F-5ABD9991F28F}") = "Gallery4Universal", "Gallery4Universal\Gallery4Universal.vbproj", "{352FFE29-6FF0-4F84-948F-8070FF8A161F}"
EndProject
Global
	GlobalSection(SolutionConfigurationPlatforms) = preSolution
		Debug|Any CPU = Debug|Any CPU
		Debug|ARM = Debug|ARM
		Debug|ARM64 = Debug|ARM64
		Debug|Mixed Platforms = Debug|Mixed Platforms
		Debug|x64 = Debug|x64
		Debug|x86 = Debug|x86
		Release|Any CPU = Release|Any CPU
		Release|ARM = Release|ARM
		Release|ARM64 = Release|ARM64
		Release|Mixed Platforms = Release|Mixed Platforms
		Release|x64 = Release|x64
		Release|x86 = Release|x86
	EndGlobalSection
	GlobalSection(ProjectConfigurationPlatforms) = postSolution
		{6278A118-2037-42B7-8014-E9909ED38BEA}.Debug|Any CPU.ActiveCfg = Debug|Any CPU
		{6278A118-2037-42B7-8014-E9909ED38BEA}.Debug|Any CPU.Build.0 = Debug|Any CPU
		{6278A118-2037-42B7-8014-E9909ED38BEA}.Debug|ARM.ActiveCfg = Debug|Any CPU
		{6278A118-2037-42B7-8014-E9909ED38BEA}.Debug|ARM.Build.0 = Debug|Any CPU
		{6278A118-2037-42B7-8014-E9909ED38BEA}.Debug|ARM64.ActiveCfg = Debug|Any CPU
		{6278A118-2037-42B7-8014-E9909ED38BEA}.Debug|ARM64.Build.0 = Debug|Any CPU
		{6278A118-2037-42B7-8014-E9909ED38BEA}.Debug|Mixed Platforms.ActiveCfg = Debug|Any CPU
		{6278A118-2037-42B7-8014-E9909ED38BEA}.Debug|Mixed Platforms.Build.0 = Debug|Any CPU
		{6278A118-2037-42B7-8014-E9909ED38BEA}.Debug|x64.ActiveCfg = Debug|Any CPU
		{6278A118-2037-42B7-8014-E9909ED38BEA}.Debug|x64.Build.0 = Debug|Any CPU
		{6278A118-2037-42B7-8014-E9909ED38BEA}.Debug|x86.ActiveCfg = Debug|Any CPU
		{6278A118-2037-42B7-8014-E9909ED38BEA}.Debug|x86.Build.0 = Debug|Any CPU
		{6278A118-2037-42B7-8014-E9909ED38BEA}.Release|Any CPU.ActiveCfg = Release|Any CPU
		{6278A118-2037-42B7-8014-E9909ED38BEA}.Release|Any CPU.Build.0 = Release|Any CPU
		{6278A118-2037-42B7-8014-E9909ED38BEA}.Release|ARM.ActiveCfg = Release|Any CPU
		{6278A118-2037-42B7-8014-E9909ED38BEA}.Release|ARM.Build.0 = Release|Any CPU
		{6278A118-2037-42B7-8014-E9909ED38BEA}.Release|ARM64.ActiveCfg = Release|Any CPU
		{6278A118-2037-42B7-8014-E9909ED38BEA}.Release|ARM64.Build.0 = Release|Any CPU
		{6278A118-2037-42B7-8014-E9909ED38BEA}.Release|Mixed Platforms.ActiveCfg = Release|Any CPU
		{6278A118-2037-42B7-8014-E9909ED38BEA}.Release|Mixed Platforms.Build.0 = Release|Any CPU
		{6278A118-2037-42B7-8014-E9909ED38BEA}.Release|x64.ActiveCfg = Release|Any CPU
		{6278A118-2037-42B7-8014-E9909ED38BEA}.Release|x64.Build.0 = Release|Any CPU
		{6278A118-2037-42B7-8014-E9909ED38BEA}.Release|x86.ActiveCfg = Release|Any CPU
		{6278A118-2037-42B7-8014-E9909ED38BEA}.Release|x86.Build.0 = Release|Any CPU
		{1261450D-5342-4602-B74D-238CD65748BF}.Debug|Any CPU.ActiveCfg = Debug|Any CPU
		{1261450D-5342-4602-B74D-238CD65748BF}.Debug|Any CPU.Build.0 = Debug|Any CPU
		{1261450D-5342-4602-B74D-238CD65748BF}.Debug|ARM.ActiveCfg = Debug|Any CPU
		{1261450D-5342-4602-B74D-238CD65748BF}.Debug|ARM.Build.0 = Debug|Any CPU
		{1261450D-5342-4602-B74D-238CD65748BF}.Debug|ARM64.ActiveCfg = Debug|Any CPU
		{1261450D-5342-4602-B74D-238CD65748BF}.Debug|ARM64.Build.0 = Debug|Any CPU
		{1261450D-5342-4602-B74D-238CD65748BF}.Debug|Mixed Platforms.ActiveCfg = Debug|Any CPU
		{1261450D-5342-4602-B74D-238CD65748BF}.Debug|Mixed Platforms.Build.0 = Debug|Any CPU
		{1261450D-5342-4602-B74D-238CD65748BF}.Debug|x64.ActiveCfg = Debug|Any CPU
		{1261450D-5342-4602-B74D-238CD65748BF}.Debug|x64.Build.0 = Debug|Any CPU
		{1261450D-5342-4602-B74D-238CD65748BF}.Debug|x86.ActiveCfg = Debug|Any CPU
		{1261450D-5342-4602-B74D-238CD65748BF}.Debug|x86.Build.0 = Debug|Any CPU
		{1261450D-5342-4602-B74D-238CD65748BF}.Release|Any CPU.ActiveCfg = Release|Any CPU
		{1261450D-5342-4602-B74D-238CD65748BF}.Release|Any CPU.Build.0 = Release|Any CPU
		{1261450D-5342-4602-B74D-238CD65748BF}.Release|ARM.ActiveCfg = Release|Any CPU
		{1261450D-5342-4602-B74D-238CD65748BF}.Release|ARM.Build.0 = Release|Any CPU
		{1261450D-5342-4602-B74D-238CD65748BF}.Release|ARM64.ActiveCfg = Release|Any CPU
		{1261450D-5342-4602-B74D-238CD65748BF}.Release|ARM64.Build.0 = Release|Any CPU
		{1261450D-5342-4602-B74D-238CD65748BF}.Release|Mixed Platforms.ActiveCfg = Release|Any CPU
		{1261450D-5342-4602-B74D-238CD65748BF}.Release|Mixed Platforms.Build.0 = Release|Any CPU
		{1261450D-5342-4602-B74D-238CD65748BF}.Release|x64.ActiveCfg = Release|Any CPU
		{1261450D-5342-4602-B74D-238CD65748BF}.Release|x64.Build.0 = Release|Any CPU
		{1261450D-5342-4602-B74D-238CD65748BF}.Release|x86.ActiveCfg = Release|Any CPU
		{1261450D-5342-4602-B74D-238CD65748BF}.Release|x86.Build.0 = Release|Any CPU
		{4D3C1333-A420-4CFA-89A2-5E163F7DFF0A}.Debug|Any CPU.ActiveCfg = Debug|Any CPU
		{4D3C1333-A420-4CFA-89A2-5E163F7DFF0A}.Debug|Any CPU.Build.0 = Debug|Any CPU
		{4D3C1333-A420-4CFA-89A2-5E163F7DFF0A}.Debug|ARM.ActiveCfg = Debug|Any CPU
		{4D3C1333-A420-4CFA-89A2-5E163F7DFF0A}.Debug|ARM.Build.0 = Debug|Any CPU
		{4D3C1333-A420-4CFA-89A2-5E163F7DFF0A}.Debug|ARM64.ActiveCfg = Debug|Any CPU
		{4D3C1333-A420-4CFA-89A2-5E163F7DFF0A}.Debug|ARM64.Build.0 = Debug|Any CPU
		{4D3C1333-A420-4CFA-89A2-5E163F7DFF0A}.Debug|Mixed Platforms.ActiveCfg = Debug|Any CPU
		{4D3C1333-A420-4CFA-89A2-5E163F7DFF0A}.Debug|Mixed Platforms.Build.0 = Debug|Any CPU
		{4D3C1333-A420-4CFA-89A2-5E163F7DFF0A}.Debug|x64.ActiveCfg = Debug|Any CPU
		{4D3C1333-A420-4CFA-89A2-5E163F7DFF0A}.Debug|x64.Build.0 = Debug|Any CPU
		{4D3C1333-A420-4CFA-89A2-5E163F7DFF0A}.Debug|x86.ActiveCfg = Debug|Any CPU
		{4D3C1333-A420-4CFA-89A2-5E163F7DFF0A}.Debug|x86.Build.0 = Debug|Any CPU
		{4D3C1333-A420-4CFA-89A2-5E163F7DFF0A}.Release|Any CPU.ActiveCfg = Release|Any CPU
		{4D3C1333-A420-4CFA-89A2-5E163F7DFF0A}.Release|Any CPU.Build.0 = Release|Any CPU
		{4D3C1333-A420-4CFA-89A2-5E163F7DFF0A}.Release|ARM.ActiveCfg = Release|Any CPU
		{4D3C1333-A420-4CFA-89A2-5E163F7DFF0A}.Release|ARM.Build.0 = Release|Any CPU
		{4D3C1333-A420-4CFA-89A2-5E163F7DFF0A}.Release|ARM64.ActiveCfg = Release|Any CPU
		{4D3C1333-A420-4CFA-89A2-5E163F7DFF0A}.Release|ARM64.Build.0 = Release|Any CPU
		{4D3C1333-A420-4CFA-89A2-5E163F7DFF0A}.Release|Mixed Platforms.ActiveCfg = Release|Any CPU
		{4D3C1333-A420-4CFA-89A2-5E163F7DFF0A}.Release|Mixed Platforms.Build.0 = Release|Any CPU
		{4D3C1333-A420-4CFA-89A2-5E163F7DFF0A}.Release|x64.ActiveCfg = Release|Any CPU
		{4D3C1333-A420-4CFA-89A2-5E163F7DFF0A}.Release|x64.Build.0 = Release|Any CPU
		{4D3C1333-A420-4CFA-89A2-5E163F7DFF0A}.Release|x86.ActiveCfg = Release|Any CPU
		{4D3C1333-A420-4CFA-89A2-5E163F7DFF0A}.Release|x86.Build.0 = Release|Any CPU
		{352FFE29-6FF0-4F84-948F-8070FF8A161F}.Debug|Any CPU.ActiveCfg = Debug|x86
		{352FFE29-6FF0-4F84-948F-8070FF8A161F}.Debug|ARM.ActiveCfg = Debug|ARM
		{352FFE29-6FF0-4F84-948F-8070FF8A161F}.Debug|ARM.Build.0 = Debug|ARM
		{352FFE29-6FF0-4F84-948F-8070FF8A161F}.Debug|ARM.Deploy.0 = Debug|ARM
		{352FFE29-6FF0-4F84-948F-8070FF8A161F}.Debug|ARM64.ActiveCfg = Debug|ARM64
		{352FFE29-6FF0-4F84-948F-8070FF8A161F}.Debug|ARM64.Build.0 = Debug|ARM64
		{352FFE29-6FF0-4F84-948F-8070FF8A161F}.Debug|ARM64.Deploy.0 = Debug|ARM64
		{352FFE29-6FF0-4F84-948F-8070FF8A161F}.Debug|Mixed Platforms.ActiveCfg = Debug|x86
		{352FFE29-6FF0-4F84-948F-8070FF8A161F}.Debug|Mixed Platforms.Build.0 = Debug|x86
		{352FFE29-6FF0-4F84-948F-8070FF8A161F}.Debug|Mixed Platforms.Deploy.0 = Debug|x86
		{352FFE29-6FF0-4F84-948F-8070FF8A161F}.Debug|x64.ActiveCfg = Debug|x64
		{352FFE29-6FF0-4F84-948F-8070FF8A161F}.Debug|x64.Build.0 = Debug|x64
		{352FFE29-6FF0-4F84-948F-8070FF8A161F}.Debug|x64.Deploy.0 = Debug|x64
		{352FFE29-6FF0-4F84-948F-8070FF8A161F}.Debug|x86.ActiveCfg = Debug|x86
		{352FFE29-6FF0-4F84-948F-8070FF8A161F}.Debug|x86.Build.0 = Debug|x86
		{352FFE29-6FF0-4F84-948F-8070FF8A161F}.Debug|x86.Deploy.0 = Debug|x86
		{352FFE29-6FF0-4F84-948F-8070FF8A161F}.Release|Any CPU.ActiveCfg = Release|x86
		{352FFE29-6FF0-4F84-948F-8070FF8A161F}.Release|ARM.ActiveCfg = Release|ARM
		{352FFE29-6FF0-4F84-948F-8070FF8A161F}.Release|ARM.Build.0 = Release|ARM
		{352FFE29-6FF0-4F84-948F-8070FF8A161F}.Release|ARM.Deploy.0 = Release|ARM
		{352FFE29-6FF0-4F84-948F-8070FF8A161F}.Release|ARM64.ActiveCfg = Release|ARM64
		{352FFE29-6FF0-4F84-948F-8070FF8A161F}.Release|ARM64.Build.0 = Release|ARM64
		{352FFE29-6FF0-4F84-948F-8070FF8A161F}.Release|ARM64.Deploy.0 = Release|ARM64
		{352FFE29-6FF0-4F84-948F-8070FF8A161F}.Release|Mixed Platforms.ActiveCfg = Release|x86
		{352FFE29-6FF0-4F84-948F-8070FF8A161F}.Release|Mixed Platforms.Build.0 = Release|x86
		{352FFE29-6FF0-4F84-948F-8070FF8A161F}.Release|Mixed Platforms.Deploy.0 = Release|x86
		{352FFE29-6FF0-4F84-948F-8070FF8A161F}.Release|x64.ActiveCfg = Release|x64
		{352FFE29-6FF0-4F84-948F-8070FF8A161F}.Release|x64.Build.0 = Release|x64
		{352FFE29-6FF0-4F84-948F-8070FF8A161F}.Release|x64.Deploy.0 = Release|x64
		{352FFE29-6FF0-4F84-948F-8070FF8A161F}.Release|x86.ActiveCfg = Release|x86
		{352FFE29-6FF0-4F84-948F-8070FF8A161F}.Release|x86.Build.0 = Release|x86
		{352FFE29-6FF0-4F84-948F-8070FF8A161F}.Release|x86.Deploy.0 = Release|x86
	EndGlobalSection
	GlobalSection(SolutionProperties) = preSolution
		HideSolutionNode = FALSE
	EndGlobalSection
	GlobalSection(ExtensibilityGlobals) = postSolution
		SolutionGuid = {076DFD9E-0CBD-4303-83D8-82A2579EECBA}
	EndGlobalSection
EndGlobal
